
Microsoft Visual Studio Solution File, Format Version 12.00
# Visual Studio Version 17
VisualStudioVersion = 17.8.34330.188
MinimumVisualStudioVersion = 10.0.40219.1
Project("{FAE04EC0-301F-11D3-BF4B-00C04F79EFBC}") = "HardwareWarehouseManagementSystem", "HardwareWarehouseManagementSystem\HardwareWarehouseManagementSystem.csproj", "{8B2076ED-561E-4ADC-A399-A298D255C399}"
EndProject
Project("{FAE04EC0-301F-11D3-BF4B-00C04F79EFBC}") = "WarehouseManagementAPI", "WarehouseManagementAPI\WarehouseManagementAPI.csproj", "{BE06F8AC-75EC-44E5-BAB1-F13B4CD65026}"
EndProject
Global
	GlobalSection(SolutionConfigurationPlatforms) = preSolution
		Debug|Any CPU = Debug|Any CPU
		Release|Any CPU = Release|Any CPU
	EndGlobalSection
	GlobalSection(ProjectConfigurationPlatforms) = postSolution
		{8B2076ED-561E-4ADC-A399-A298D255C399}.Debug|Any CPU.ActiveCfg = Debug|Any CPU
		{8B2076ED-561E-4ADC-A399-A298D255C399}.Debug|Any CPU.Build.0 = Debug|Any CPU
		{8B2076ED-561E-4ADC-A399-A298D255C399}.Release|Any CPU.ActiveCfg = Release|Any CPU
		{8B2076ED-561E-4ADC-A399-A298D255C399}.Release|Any CPU.Build.0 = Release|Any CPU
		{BE06F8AC-75EC-44E5-BAB1-F13B4CD65026}.Debug|Any CPU.ActiveCfg = Debug|Any CPU
		{BE06F8AC-75EC-44E5-BAB1-F13B4CD65026}.Debug|Any CPU.Build.0 = Debug|Any CPU
		{BE06F8AC-75EC-44E5-BAB1-F13B4CD65026}.Release|Any CPU.ActiveCfg = Release|Any CPU
		{BE06F8AC-75EC-44E5-BAB1-F13B4CD65026}.Release|Any CPU.Build.0 = Release|Any CPU
	EndGlobalSection
	GlobalSection(SolutionProperties) = preSolution
		HideSolutionNode = FALSE
	EndGlobalSection
	GlobalSection(ExtensibilityGlobals) = postSolution
		SolutionGuid = {ACA8834F-1525-44F2-934D-74802493D005}
	EndGlobalSection
EndGlobal
